PODS:
  - Flutter (1.0.0)
  - NMSSH (2.3.1)
  - ssh (0.0.5):
    - Flutter
    - NMSSH

DEPENDENCIES:
  - Flutter (from `Flutter`)
  - ssh (from `.symlinks/plugins/ssh/ios`)

SPEC REPOS:
  trunk:
    - NMSSH

EXTERNAL SOURCES:
  Flutter:
    :path: Flutter
  ssh:
    :path: ".symlinks/plugins/ssh/ios"

SPEC CHECKSUMS:
  Flutter: 0e3d915762c693b495b44d77113d4970485de6ec
  NMSSH: cd689ae535a1581a6dd9fd4600ff71247df510a6
  ssh: 19c124ab36628047d2430e07cfade1de86992457

PODFILE CHECKSUM: 1b66dae606f75376c5f2135a8290850eeb09ae83

COCOAPODS: 1.8.4
